{
	"name": "@fractalite/support",
	"version": "0.0.0",
	"lockfileVersion": 1,
	"requires": true,
	"dependencies": {
		"array-differ": {
			"version": "1.0.0",
			"resolved": "https://registry.npmjs.org/array-differ/-/array-differ-1.0.0.tgz",
			"integrity": "sha1-7/UuN1gknTO+QCuLuOVkuytdQDE="
		},
		"array-union": {
			"version": "1.0.2",
			"resolved": "https://registry.npmjs.org/array-union/-/array-union-1.0.2.tgz",
			"integrity": "sha1-mjRBDk9OPaI96jdb5b5w8kd47Dk=",
			"requires": {
				"array-uniq": "1.0.3"
			}
		},
		"array-uniq": {
			"version": "1.0.3",
			"resolved": "https://registry.npmjs.org/array-uniq/-/array-uniq-1.0.3.tgz",
			"integrity": "sha1-r2rId6Jcx/dOBYiUdThY39sk/bY="
		},
		"arrify": {
			"version": "1.0.1",
			"resolved": "https://registry.npmjs.org/arrify/-/arrify-1.0.1.tgz",
			"integrity": "sha1-iYUI2iIm84DfkEcoRWhJwVAaSw0="
		},
		"balanced-match": {
			"version": "1.0.0",
			"resolved": "https://registry.npmjs.org/balanced-match/-/balanced-match-1.0.0.tgz",
			"integrity": "sha1-ibTRmasr7kneFk6gK4nORi1xt2c="
		},
		"brace-expansion": {
			"version": "1.1.11",
			"resolved": "https://registry.npmjs.org/brace-expansion/-/brace-expansion-1.1.11.tgz",
			"integrity": "sha512-iCuPHDFgrHX7H2vEI/5xpz07zSHB00TpugqhmYtVmMO6518mCuRMoOYFldEBl0g187ufozdaHgWKcYFb61qGiA==",
			"requires": {
				"balanced-match": "1.0.0",
				"concat-map": "0.0.1"
			}
		},
		"concat-map": {
			"version": "0.0.1",
			"resolved": "https://registry.npmjs.org/concat-map/-/concat-map-0.0.1.tgz",
			"integrity": "sha1-2Klr13/Wjfd5OnMDajug1UBdR3s="
		},
		"eventemitter2": {
			"version": "5.0.1",
			"resolved": "https://registry.npmjs.org/eventemitter2/-/eventemitter2-5.0.1.tgz",
			"integrity": "sha1-YZegldX7a1folC9v1+qtY6CclFI="
		},
		"html-url-attributes": {
			"version": "1.0.0",
			"resolved": "https://registry.npmjs.org/html-url-attributes/-/html-url-attributes-1.0.0.tgz",
			"integrity": "sha1-e0yOlalf3pk6N1vhoWK7LLBY58I="
		},
		"lodash": {
			"version": "4.17.11",
			"resolved": "https://registry.npmjs.org/lodash/-/lodash-4.17.11.tgz",
			"integrity": "sha512-cQKh8igo5QUhZ7lg38DYWAxMvjSAKG0A8wGSVimP07SIUEK2UO+arSRKbRZWtelMtN5V0Hkwh5ryOto/SshYIg=="
		},
		"minimatch": {
			"version": "3.0.4",
			"resolved": "https://registry.npmjs.org/minimatch/-/minimatch-3.0.4.tgz",
			"integrity": "sha512-yJHVQEhyqPLUTgt9B83PXu6W3rx4MvvHvSUvToogpwoGDOUQ+yDrR0HRot+yOCdCO7u4hX3pWft6kWBBcqh0UA==",
			"requires": {
				"brace-expansion": "1.1.11"
			}
		},
		"multimatch": {
			"version": "2.1.0",
			"resolved": "https://registry.npmjs.org/multimatch/-/multimatch-2.1.0.tgz",
			"integrity": "sha1-nHkGoi+0wCkZ4vX3UWG0zb1LKis=",
			"requires": {
				"array-differ": "1.0.0",
				"array-union": "1.0.2",
				"arrify": "1.0.1",
				"minimatch": "3.0.4"
			}
		},
		"pupa": {
			"version": "1.0.0",
			"resolved": "https://registry.npmjs.org/pupa/-/pupa-1.0.0.tgz",
			"integrity": "sha1-mpVopa9+ZXuEYqbp1TKHQ1YM7/Y="
		},
		"slash": {
			"version": "2.0.0",
			"resolved": "https://registry.npmjs.org/slash/-/slash-2.0.0.tgz",
			"integrity": "sha512-ZYKh3Wh2z1PpEXWr0MpSBZ0V6mZHAQfYevttO11c51CaWjGTaadiKZ+wVt1PbMlDV5qhMFslpZCemhwOK7C89A=="
		},
		"slugify": {
			"version": "1.3.1",
			"resolved": "https://registry.npmjs.org/slugify/-/slugify-1.3.1.tgz",
			"integrity": "sha512-6BwyhjF5tG5P8s+0DPNyJmBSBePG6iMyhjvIW5zGdA3tFik9PtK+yNkZgTeiroCRGZYgkHftFA62tGVK1EI9Kw=="
		},
		"strip-indent": {
			"version": "2.0.0",
			"resolved": "https://registry.npmjs.org/strip-indent/-/strip-indent-2.0.0.tgz",
			"integrity": "sha1-XvjbKV0B5u1sv3qrlpmNeCJSe2g="
		},
		"titlecase": {
			"version": "1.1.2",
			"resolved": "https://registry.npmjs.org/titlecase/-/titlecase-1.1.2.tgz",
			"integrity": "sha1-eBE9EQgIa4MmMxoyR96o9aSeqFM="
		}
	}
}
